
Microsoft Visual Studio Solution File, Format Version 12.00
# Visual Studio Version 17
VisualStudioVersion = 17.6.33815.320
MinimumVisualStudioVersion = 10.0.40219.1
Project("{FAE04EC0-301F-11D3-BF4B-00C04F79EFBC}") = "WebScraper", "WebScraper\WebScraper.csproj", "{CAC17A39-8A24-4FDC-980B-C2238462FEB7}"
EndProject
Global
	GlobalSection(SolutionConfigurationPlatforms) = preSolution
		Debug|Any CPU = Debug|Any CPU
		Release|Any CPU = Release|Any CPU
	EndGlobalSection
	GlobalSection(ProjectConfigurationPlatforms) = postSolution
		{CAC17A39-8A24-4FDC-980B-C2238462FEB7}.Debug|Any CPU.ActiveCfg = Debug|Any CPU
		{CAC17A39-8A24-4FDC-980B-C2238462FEB7}.Debug|Any CPU.Build.0 = Debug|Any CPU
		{CAC17A39-8A24-4FDC-980B-C2238462FEB7}.Release|Any CPU.ActiveCfg = Release|Any CPU
		{CAC17A39-8A24-4FDC-980B-C2238462FEB7}.Release|Any CPU.Build.0 = Release|Any CPU
	EndGlobalSection
	GlobalSection(SolutionProperties) = preSolution
		HideSolutionNode = FALSE
	EndGlobalSection
	GlobalSection(ExtensibilityGlobals) = postSolution
		SolutionGuid = {D8C80963-459F-44EC-B98A-8167E2F68B03}
	EndGlobalSection
EndGlobal
